# THIS IS AN AUTOGENERATED FILE. DO NOT EDIT THIS FILE DIRECTLY.
# yarn lockfile v1


"@asu-design-system/component-header@^1.3.12":
  version "1.3.12"
  resolved "https://registry.web.asu.edu/@asu-design-system%2fcomponent-header/-/component-header-1.3.12.tgz#678711700222802aeeace5d58f0d5fef3d079cfe"
  integrity sha512-zonvWcrmDwvoBWTff0Mn0hjPhYrT4IYttSuti9S9F45/R+4BI+UkSMWLz+R+JmdzDMG7N01DjRaLmw38fEQ/Cg==
