# THIS IS AN AUTOGENERATED FILE. DO NOT EDIT THIS FILE DIRECTLY.
# yarn lockfile v1


"@asu-design-system/component-header@^1.3.12":
  version "1.3.12"
  resolved "https://registry.web.asu.edu/@asu-design-system%2fcomponent-header/-/component-header-1.3.12.tgz#678711700222802aeeace5d58f0d5fef3d079cfe"
  integrity sha512-zonvWcrmDwvoBWTff0Mn0hjPhYrT4IYttSuti9S9F45/R+4BI+UkSMWLz+R+JmdzDMG7N01DjRaLmw38fEQ/Cg==

"@asu-design-system/cookie-consent@^2.0.0":
  version "2.0.0"
  resolved "https://registry.web.asu.edu/@asu-design-system%2fcookie-consent/-/cookie-consent-2.0.0.tgz#fc85b56ba46f55e7e961335eaf4bb8049814d98c"
  integrity sha512-GZDH3WnMWNznDu1pSHcy9dXQSixITVj9trKmXPL6ISfeBLw/r4T6KB/oSYfyewym0uayKVgKWG566NQiqkALMw==
